// !$*UTF8*$!
{
	archiveVersion = 1;
	classes = {
	};
	objectVersion = 50;
	objects = {

/* Begin PBXBuildFile section */
		6FE9B93927214CF200016293 /* MetroBotApp.swift in Sources */ = {isa = PBXBuildFile; fileRef = 6FE9B93827214CF200016293 /* MetroBotApp.swift */; };
		6FE9B93B27214CF200016293 /* ContentView.swift in Sources */ = {isa = PBXBuildFile; fileRef = 6FE9B93A27214CF200016293 /* ContentView.swift */; };
		6FE9B93D27214CF400016293 /* Assets.xcassets in Resources */ = {isa = PBXBuildFile; fileRef = 6FE9B93C27214CF400016293 /* Assets.xcassets */; };
		6FE9B94027214CF400016293 /* Preview Assets.xcassets in Resources */ = {isa = PBXBuildFile; fileRef = 6FE9B93F27214CF400016293 /* Preview Assets.xcassets */; };
		6FE9B94B27214CF400016293 /* MetroBotTests.swift in Sources */ = {isa = PBXBuildFile; fileRef = 6FE9B94A27214CF400016293 /* MetroBotTests.swift */; };
		6FE9B95627214CF400016293 /* MetroBotUITests.swift in Sources */ = {isa = PBXBuildFile; fileRef = 6FE9B95527214CF400016293 /* MetroBotUITests.swift */; };
/* End PBXBuildFile section */

/* Begin PBXContainerItemProxy section */
		6FE9B94727214CF400016293 /* PBXContainerItemProxy */ = {
			isa = PBXContainerItemProxy;
			containerPortal = 6FE9B92D27214CF200016293 /* Project object */;
			proxyType = 1;
			remoteGlobalIDString = 6FE9B93427214CF200016293;
			remoteInfo = MetroBot;
		};
		6FE9B95227214CF400016293 /* PBXContainerItemProxy */ = {
			isa = PBXContainerItemProxy;
			containerPortal = 6FE9B92D27214CF200016293 /* Project object */;
			proxyType = 1;
			remoteGlobalIDString = 6FE9B93427214CF200016293;
			remoteInfo = MetroBot;
		};
/* End PBXContainerItemProxy section */

/* Begin PBXFileReference section */
		6FE9B93527214CF200016293 /* MetroBot.app */ = {isa = PBXFileReference; explicitFileType = wrapper.application; includeInIndex = 0; path = MetroBot.app; sourceTree = BUILT_PRODUCTS_DIR; };
		6FE9B93827214CF200016293 /* MetroBotApp.swift */ = {isa = PBXFileReference; lastKnownFileType = sourcecode.swift; path = MetroBotApp.swift; sourceTree = "<group>"; };
		6FE9B93A27214CF200016293 /* ContentView.swift */ = {isa = PBXFileReference; lastKnownFileType = sourcecode.swift; path = ContentView.swift; sourceTree = "<group>"; };
		6FE9B93C27214CF400016293 /* Assets.xcassets */ = {isa = PBXFileReference; lastKnownFileType = folder.assetcatalog; path = Assets.xcassets; sourceTree = "<group>"; };
		6FE9B93F27214CF400016293 /* Preview Assets.xcassets */ = {isa = PBXFileReference; lastKnownFileType = folder.assetcatalog; path = "Preview Assets.xcassets"; sourceTree = "<group>"; };
		6FE9B94127214CF400016293 /* Info.plist */ = {isa = PBXFileReference; lastKnownFileType = text.plist.xml; path = Info.plist; sourceTree = "<group>"; };
		6FE9B94627214CF400016293 /* MetroBotTests.xctest */ = {isa = PBXFileReference; explicitFileType = wrapper.cfbundle; includeInIndex = 0; path = MetroBotTests.xctest; sourceTree = BUILT_PRODUCTS_DIR; };
		6FE9B94A27214CF400016293 /* MetroBotTests.swift */ = {isa = PBXFileReference; lastKnownFileType = sourcecode.swift; path = MetroBotTests.swift; sourceTree = "<group>"; };
		6FE9B94C27214CF400016293 /* Info.plist */ = {isa = PBXFileReference; lastKnownFileType = text.plist.xml; path = Info.plist; sourceTree = "<group>"; };
		6FE9B95127214CF400016293 /* MetroBotUITests.xctest */ = {isa = PBXFileReference; explicitFileType = wrapper.cfbundle; includeInIndex = 0; path = MetroBotUITests.xctest; sourceTree = BUILT_PRODUCTS_DIR; };
		6FE9B95527214CF400016293 /* MetroBotUITests.swift */ = {isa = PBXFileReference; lastKnownFileType = sourcecode.swift; path = MetroBotUITests.swift; sourceTree = "<group>"; };
		6FE9B95727214CF400016293 /* Info.plist */ = {isa = PBXFileReference; lastKnownFileType = text.plist.xml; path = Info.plist; sourceTree = "<group>"; };
/* End PBXFileReference section */

/* Begin PBXFrameworksBuildPhase section */
		6FE9B93227214CF200016293 /* Frameworks */ = {
			isa = PBXFrameworksBuildPhase;
			buildActionMask = 2147483647;
			files = (
			);
			runOnlyForDeploymentPostprocessing = 0;
		};
		6FE9B94327214CF400016293 /* Frameworks */ = {
			isa = PBXFrameworksBuildPhase;
			buildActionMask = 2147483647;
			files = (
			);
			runOnlyForDeploymentPostprocessing = 0;
		};
		6FE9B94E27214CF400016293 /* Frameworks */ = {
			isa = PBXFrameworksBuildPhase;
			buildActionMask = 2147483647;
			files = (
			);
			runOnlyForDeploymentPostprocessing = 0;
		};
/* End PBXFrameworksBuildPhase section */

/* Begin PBXGroup section */
		6FE9B92C27214CF200016293 = {
			isa = PBXGroup;
			children = (
				6FE9B93727214CF200016293 /* MetroBot */,
				6FE9B94927214CF400016293 /* MetroBotTests */,
				6FE9B95427214CF400016293 /* MetroBotUITests */,
				6FE9B93627214CF200016293 /* Products */,
			);
			sourceTree = "<group>";
		};
		6FE9B93627214CF200016293 /* Products */ = {
			isa = PBXGroup;
			children = (
				6FE9B93527214CF200016293 /* MetroBot.app */,
				6FE9B94627214CF400016293 /* MetroBotTests.xctest */,
				6FE9B95127214CF400016293 /* MetroBotUITests.xctest */,
			);
			name = Products;
			sourceTree = "<group>";
		};
		6FE9B93727214CF200016293 /* MetroBot */ = {
			isa = PBXGroup;
			children = (
				6FE9B93827214CF200016293 /* MetroBotApp.swift */,
				6FE9B93A27214CF200016293 /* ContentView.swift */,
				6FE9B93C27214CF400016293 /* Assets.xcassets */,
				6FE9B94127214CF400016293 /* Info.plist */,
				6FE9B93E27214CF400016293 /* Preview Content */,
			);
			path = MetroBot;
			sourceTree = "<group>";
		};
		6FE9B93E27214CF400016293 /* Preview Content */ = {
			isa = PBXGroup;
			children = (
				6FE9B93F27214CF400016293 /* Preview Assets.xcassets */,
			);
			path = "Preview Content";
			sourceTree = "<group>";
		};
		6FE9B94927214CF400016293 /* MetroBotTests */ = {
			isa = PBXGroup;
			children = (
				6FE9B94A27214CF400016293 /* MetroBotTests.swift */,
				6FE9B94C27214CF400016293 /* Info.plist */,
			);
			path = MetroBotTests;
			sourceTree = "<group>";
		};
		6FE9B95427214CF400016293 /* MetroBotUITests */ = {
			isa = PBXGroup;
			children = (
				6FE9B95527214CF400016293 /* MetroBotUITests.swift */,
				6FE9B95727214CF400016293 /* Info.plist */,
			);
			path = MetroBotUITests;
			sourceTree = "<group>";
		};
/* End PBXGroup section */

/* Begin PBXNativeTarget section */
		6FE9B93427214CF200016293 /* MetroBot */ = {
			isa = PBXNativeTarget;
			buildConfigurationList = 6FE9B95A27214CF400016293 /* Build configuration list for PBXNativeTarget "MetroBot" */;
			buildPhases = (
				6FE9B93127214CF200016293 /* Sources */,
				6FE9B93227214CF200016293 /* Frameworks */,
				6FE9B93327214CF200016293 /* Resources */,
			);
			buildRules = (
			);
			dependencies = (
			);
			name = MetroBot;
			productName = MetroBot;
			productReference = 6FE9B93527214CF200016293 /* MetroBot.app */;
			productType = "com.apple.product-type.application";
		};
		6FE9B94527214CF400016293 /* MetroBotTests */ = {
			isa = PBXNativeTarget;
			buildConfigurationList = 6FE9B95D27214CF400016293 /* Build configuration list for PBXNativeTarget "MetroBotTests" */;
			buildPhases = (
				6FE9B94227214CF400016293 /* Sources */,
				6FE9B94327214CF400016293 /* Frameworks */,
				6FE9B94427214CF400016293 /* Resources */,
			);
			buildRules = (
			);
			dependencies = (
				6FE9B94827214CF400016293 /* PBXTargetDependency */,
			);
			name = MetroBotTests;
			productName = MetroBotTests;
			productReference = 6FE9B94627214CF400016293 /* MetroBotTests.xctest */;
			productType = "com.apple.product-type.bundle.unit-test";
		};
		6FE9B95027214CF400016293 /* MetroBotUITests */ = {
			isa = PBXNativeTarget;
			buildConfigurationList = 6FE9B96027214CF400016293 /* Build configuration list for PBXNativeTarget "MetroBotUITests" */;
			buildPhases = (
				6FE9B94D27214CF400016293 /* Sources */,
				6FE9B94E27214CF400016293 /* Frameworks */,
				6FE9B94F27214CF400016293 /* Resources */,
			);
			buildRules = (
			);
			dependencies = (
				6FE9B95327214CF400016293 /* PBXTargetDependency */,
			);
			name = MetroBotUITests;
			productName = MetroBotUITests;
			productReference = 6FE9B95127214CF400016293 /* MetroBotUITests.xctest */;
			productType = "com.apple.product-type.bundle.ui-testing";
		};
/* End PBXNativeTarget section */

/* Begin PBXProject section */
		6FE9B92D27214CF200016293 /* Project object */ = {
			isa = PBXProject;
			attributes = {
				LastSwiftUpdateCheck = 1250;
				LastUpgradeCheck = 1250;
				TargetAttributes = {
					6FE9B93427214CF200016293 = {
						CreatedOnToolsVersion = 12.5.1;
					};
					6FE9B94527214CF400016293 = {
						CreatedOnToolsVersion = 12.5.1;
						TestTargetID = 6FE9B93427214CF200016293;
					};
					6FE9B95027214CF400016293 = {
						CreatedOnToolsVersion = 12.5.1;
						TestTargetID = 6FE9B93427214CF200016293;
					};
				};
			};
			buildConfigurationList = 6FE9B93027214CF200016293 /* Build configuration list for PBXProject "MetroBot" */;
			compatibilityVersion = "Xcode 9.3";
			developmentRegion = en;
			hasScannedForEncodings = 0;
			knownRegions = (
				en,
				Base,
			);
			mainGroup = 6FE9B92C27214CF200016293;
			productRefGroup = 6FE9B93627214CF200016293 /* Products */;
			projectDirPath = "";
			projectRoot = "";
			targets = (
				6FE9B93427214CF200016293 /* MetroBot */,
				6FE9B94527214CF400016293 /* MetroBotTests */,
				6FE9B95027214CF400016293 /* MetroBotUITests */,
			);
		};
/* End PBXProject section */

/* Begin PBXResourcesBuildPhase section */
		6FE9B93327214CF200016293 /* Resources */ = {
			isa = PBXResourcesBuildPhase;
			buildActionMask = 2147483647;
			files = (
				6FE9B94027214CF400016293 /* Preview Assets.xcassets in Resources */,
				6FE9B93D27214CF400016293 /* Assets.xcassets in Resources */,
			);
			runOnlyForDeploymentPostprocessing = 0;
		};
		6FE9B94427214CF400016293 /* Resources */ = {
			isa = PBXResourcesBuildPhase;
			buildActionMask = 2147483647;
			files = (
			);
			runOnlyForDeploymentPostprocessing = 0;
		};
		6FE9B94F27214CF400016293 /* Resources */ = {
			isa = PBXResourcesBuildPhase;
			buildActionMask = 2147483647;
			files = (
			);
			runOnlyForDeploymentPostprocessing = 0;
		};
/* End PBXResourcesBuildPhase section */

/* Begin PBXSourcesBuildPhase section */
		6FE9B93127214CF200016293 /* Sources */ = {
			isa = PBXSourcesBuildPhase;
			buildActionMask = 2147483647;
			files = (
				6FE9B93B27214CF200016293 /* ContentView.swift in Sources */,
				6FE9B93927214CF200016293 /* MetroBotApp.swift in Sources */,
			);
			runOnlyForDeploymentPostprocessing = 0;
		};
		6FE9B94227214CF400016293 /* Sources */ = {
			isa = PBXSourcesBuildPhase;
			buildActionMask = 2147483647;
			files = (
				6FE9B94B27214CF400016293 /* MetroBotTests.swift in Sources */,
			);
			runOnlyForDeploymentPostprocessing = 0;
		};
		6FE9B94D27214CF400016293 /* Sources */ = {
			isa = PBXSourcesBuildPhase;
			buildActionMask = 2147483647;
			files = (
				6FE9B95627214CF400016293 /* MetroBotUITests.swift in Sources */,
			);
			runOnlyForDeploymentPostprocessing = 0;
		};
/* End PBXSourcesBuildPhase section */

/* Begin PBXTargetDependency section */
		6FE9B94827214CF400016293 /* PBXTargetDependency */ = {
			isa = PBXTargetDependency;
			target = 6FE9B93427214CF200016293 /* MetroBot */;
			targetProxy = 6FE9B94727214CF400016293 /* PBXContainerItemProxy */;
		};
		6FE9B95327214CF400016293 /* PBXTargetDependency */ = {
			isa = PBXTargetDependency;
			target = 6FE9B93427214CF200016293 /* MetroBot */;
			targetProxy = 6FE9B95227214CF400016293 /* PBXContainerItemProxy */;
		};
/* End PBXTargetDependency section */

/* Begin XCBuildConfiguration section */
		6FE9B95827214CF400016293 /* Debug */ = {
			isa = XCBuildConfiguration;
			buildSettings = {
				ALWAYS_SEARCH_USER_PATHS = NO;
				CLANG_ANALYZER_NONNULL = YES;
				CLANG_ANALYZER_NUMBER_OBJECT_CONVERSION = YES_AGGRESSIVE;
				CLANG_CXX_LANGUAGE_STANDARD = "gnu++14";
				CLANG_CXX_LIBRARY = "libc++";
				CLANG_ENABLE_MODULES = YES;
				CLANG_ENABLE_OBJC_ARC = YES;
				CLANG_ENABLE_OBJC_WEAK = YES;
				CLANG_WARN_BLOCK_CAPTURE_AUTORELEASING = YES;
				CLANG_WARN_BOOL_CONVERSION = YES;
				CLANG_WARN_COMMA = YES;
				CLANG_WARN_CONSTANT_CONVERSION = YES;
				CLANG_WARN_DEPRECATED_OBJC_IMPLEMENTATIONS = YES;
				CLANG_WARN_DIRECT_OBJC_ISA_USAGE = YES_ERROR;
				CLANG_WARN_DOCUMENTATION_COMMENTS = YES;
				CLANG_WARN_EMPTY_BODY = YES;
				CLANG_WARN_ENUM_CONVERSION = YES;
				CLANG_WARN_INFINITE_RECURSION = YES;
				CLANG_WARN_INT_CONVERSION = YES;
				CLANG_WARN_NON_LITERAL_NULL_CONVERSION = YES;
				CLANG_WARN_OBJC_IMPLICIT_RETAIN_SELF = YES;
				CLANG_WARN_OBJC_LITERAL_CONVERSION = YES;
				CLANG_WARN_OBJC_ROOT_CLASS = YES_ERROR;
				CLANG_WARN_QUOTED_INCLUDE_IN_FRAMEWORK_HEADER = YES;
				CLANG_WARN_RANGE_LOOP_ANALYSIS = YES;
				CLANG_WARN_STRICT_PROTOTYPES = YES;
				CLANG_WARN_SUSPICIOUS_MOVE = YES;
				CLANG_WARN_UNGUARDED_AVAILABILITY = YES_AGGRESSIVE;
				CLANG_WARN_UNREACHABLE_CODE = YES;
				CLANG_WARN__DUPLICATE_METHOD_MATCH = YES;
				COPY_PHASE_STRIP = NO;
				DEBUG_INFORMATION_FORMAT = dwarf;
				ENABLE_STRICT_OBJC_MSGSEND = YES;
				ENABLE_TESTABILITY = YES;
				GCC_C_LANGUAGE_STANDARD = gnu11;
				GCC_DYNAMIC_NO_PIC = NO;
				GCC_NO_COMMON_BLOCKS = YES;
				GCC_OPTIMIZATION_LEVEL = 0;
				GCC_PREPROCESSOR_DEFINITIONS = (
					"DEBUG=1",
					"$(inherited)",
				);
				GCC_WARN_64_TO_32_BIT_CONVERSION = YES;
				GCC_WARN_ABOUT_RETURN_TYPE = YES_ERROR;
				GCC_WARN_UNDECLARED_SELECTOR = YES;
				GCC_WARN_UNINITIALIZED_AUTOS = YES_AGGRESSIVE;
				GCC_WARN_UNUSED_FUNCTION = YES;
				GCC_WARN_UNUSED_VARIABLE = YES;
				IPHONEOS_DEPLOYMENT_TARGET = 14.5;
				MTL_ENABLE_DEBUG_INFO = INCLUDE_SOURCE;
				MTL_FAST_MATH = YES;
				ONLY_ACTIVE_ARCH = YES;
				SDKROOT = iphoneos;
				SWIFT_ACTIVE_COMPILATION_CONDITIONS = DEBUG;
				SWIFT_OPTIMIZATION_LEVEL = "-Onone";
			};
			name = Debug;
		};
		6FE9B95927214CF400016293 /* Release */ = {
			isa = XCBuildConfiguration;
			buildSettings = {
				ALWAYS_SEARCH_USER_PATHS = NO;
				CLANG_ANALYZER_NONNULL = YES;
				CLANG_ANALYZER_NUMBER_OBJECT_CONVERSION = YES_AGGRESSIVE;
				CLANG_CXX_LANGUAGE_STANDARD = "gnu++14";
				CLANG_CXX_LIBRARY = "libc++";
				CLANG_ENABLE_MODULES = YES;
				CLANG_ENABLE_OBJC_ARC = YES;
				CLANG_ENABLE_OBJC_WEAK = YES;
				CLANG_WARN_BLOCK_CAPTURE_AUTORELEASING = YES;
				CLANG_WARN_BOOL_CONVERSION = YES;
				CLANG_WARN_COMMA = YES;
				CLANG_WARN_CONSTANT_CONVERSION = YES;
				CLANG_WARN_DEPRECATED_OBJC_IMPLEMENTATIONS = YES;
				CLANG_WARN_DIRECT_OBJC_ISA_USAGE = YES_ERROR;
				CLANG_WARN_DOCUMENTATION_COMMENTS = YES;
				CLANG_WARN_EMPTY_BODY = YES;
				CLANG_WARN_ENUM_CONVERSION = YES;
				CLANG_WARN_INFINITE_RECURSION = YES;
				CLANG_WARN_INT_CONVERSION = YES;
				CLANG_WARN_NON_LITERAL_NULL_CONVERSION = YES;
				CLANG_WARN_OBJC_IMPLICIT_RETAIN_SELF = YES;
				CLANG_WARN_OBJC_LITERAL_CONVERSION = YES;
				CLANG_WARN_OBJC_ROOT_CLASS = YES_ERROR;
				CLANG_WARN_QUOTED_INCLUDE_IN_FRAMEWORK_HEADER = YES;
				CLANG_WARN_RANGE_LOOP_ANALYSIS = YES;
				CLANG_WARN_STRICT_PROTOTYPES = YES;
				CLANG_WARN_SUSPICIOUS_MOVE = YES;
				CLANG_WARN_UNGUARDED_AVAILABILITY = YES_AGGRESSIVE;
				CLANG_WARN_UNREACHABLE_CODE = YES;
				CLANG_WARN__DUPLICATE_METHOD_MATCH = YES;
				COPY_PHASE_STRIP = NO;
				DEBUG_INFORMATION_FORMAT = "dwarf-with-dsym";
				ENABLE_NS_ASSERTIONS = NO;
				ENABLE_STRICT_OBJC_MSGSEND = YES;
				GCC_C_LANGUAGE_STANDARD = gnu11;
				GCC_NO_COMMON_BLOCKS = YES;
				GCC_WARN_64_TO_32_BIT_CONVERSION = YES;
				GCC_WARN_ABOUT_RETURN_TYPE = YES_ERROR;
				GCC_WARN_UNDECLARED_SELECTOR = YES;
				GCC_WARN_UNINITIALIZED_AUTOS = YES_AGGRESSIVE;
				GCC_WARN_UNUSED_FUNCTION = YES;
				GCC_WARN_UNUSED_VARIABLE = YES;
				IPHONEOS_DEPLOYMENT_TARGET = 14.5;
				MTL_ENABLE_DEBUG_INFO = NO;
				MTL_FAST_MATH = YES;
				SDKROOT = iphoneos;
				SWIFT_COMPILATION_MODE = wholemodule;
				SWIFT_OPTIMIZATION_LEVEL = "-O";
				VALIDATE_PRODUCT = YES;
			};
			name = Release;
		};
		6FE9B95B27214CF400016293 /* Debug */ = {
			isa = XCBuildConfiguration;
			buildSettings = {
				ASSETCATALOG_COMPILER_APPICON_NAME = AppIcon;
				ASSETCATALOG_COMPILER_GLOBAL_ACCENT_COLOR_NAME = AccentColor;
				CODE_SIGN_STYLE = Automatic;
				DEVELOPMENT_ASSET_PATHS = "\"MetroBot/Preview Content\"";
				DEVELOPMENT_TEAM = XNYSNCPR8R;
				ENABLE_PREVIEWS = YES;
				INFOPLIST_FILE = MetroBot/Info.plist;
				IPHONEOS_DEPLOYMENT_TARGET = 14.0;
				LD_RUNPATH_SEARCH_PATHS = (
					"$(inherited)",
					"@executable_path/Frameworks",
				);
				PRODUCT_BUNDLE_IDENTIFIER = demo.atlas.MetroBot;
				PRODUCT_NAME = "$(TARGET_NAME)";
				SWIFT_VERSION = 5.0;
				TARGETED_DEVICE_FAMILY = "1,2";
			};
			name = Debug;
		};
		6FE9B95C27214CF400016293 /* Release */ = {
			isa = XCBuildConfiguration;
			buildSettings = {
				ASSETCATALOG_COMPILER_APPICON_NAME = AppIcon;
				ASSETCATALOG_COMPILER_GLOBAL_ACCENT_COLOR_NAME = AccentColor;
				CODE_SIGN_STYLE = Automatic;
				DEVELOPMENT_ASSET_PATHS = "\"MetroBot/Preview Content\"";
				DEVELOPMENT_TEAM = XNYSNCPR8R;
				ENABLE_PREVIEWS = YES;
				INFOPLIST_FILE = MetroBot/Info.plist;
				IPHONEOS_DEPLOYMENT_TARGET = 14.0;
				LD_RUNPATH_SEARCH_PATHS = (
					"$(inherited)",
					"@executable_path/Frameworks",
				);
				PRODUCT_BUNDLE_IDENTIFIER = demo.atlas.MetroBot;
				PRODUCT_NAME = "$(TARGET_NAME)";
				SWIFT_VERSION = 5.0;
				TARGETED_DEVICE_FAMILY = "1,2";
			};
			name = Release;
		};
		6FE9B95E27214CF400016293 /* Debug */ = {
			isa = XCBuildConfiguration;
			buildSettings = {
				ALWAYS_EMBED_SWIFT_STANDARD_LIBRARIES = YES;
				BUNDLE_LOADER = "$(TEST_HOST)";
				CODE_SIGN_STYLE = Automatic;
				DEVELOPMENT_TEAM = XNYSNCPR8R;
				INFOPLIST_FILE = MetroBotTests/Info.plist;
				IPHONEOS_DEPLOYMENT_TARGET = 14.0;
				LD_RUNPATH_SEARCH_PATHS = (
					"$(inherited)",
					"@executable_path/Frameworks",
					"@loader_path/Frameworks",
				);
				PRODUCT_BUNDLE_IDENTIFIER = demo.atlas.MetroBotTests;
				PRODUCT_NAME = "$(TARGET_NAME)";
				SWIFT_VERSION = 5.0;
				TARGETED_DEVICE_FAMILY = "1,2";
				TEST_HOST = "$(BUILT_PRODUCTS_DIR)/MetroBot.app/MetroBot";
			};
			name = Debug;
		};
		6FE9B95F27214CF400016293 /* Release */ = {
			isa = XCBuildConfiguration;
			buildSettings = {
				ALWAYS_EMBED_SWIFT_STANDARD_LIBRARIES = YES;
				BUNDLE_LOADER = "$(TEST_HOST)";
				CODE_SIGN_STYLE = Automatic;
				DEVELOPMENT_TEAM = XNYSNCPR8R;
				INFOPLIST_FILE = MetroBotTests/Info.plist;
				IPHONEOS_DEPLOYMENT_TARGET = 14.0;
				LD_RUNPATH_SEARCH_PATHS = (
					"$(inherited)",
					"@executable_path/Frameworks",
					"@loader_path/Frameworks",
				);
				PRODUCT_BUNDLE_IDENTIFIER = demo.atlas.MetroBotTests;
				PRODUCT_NAME = "$(TARGET_NAME)";
				SWIFT_VERSION = 5.0;
				TARGETED_DEVICE_FAMILY = "1,2";
				TEST_HOST = "$(BUILT_PRODUCTS_DIR)/MetroBot.app/MetroBot";
			};
			name = Release;
		};
		6FE9B96127214CF400016293 /* Debug */ = {
			isa = XCBuildConfiguration;
			buildSettings = {
				ALWAYS_EMBED_SWIFT_STANDARD_LIBRARIES = YES;
				CODE_SIGN_STYLE = Automatic;
				DEVELOPMENT_TEAM = XNYSNCPR8R;
				INFOPLIST_FILE = MetroBotUITests/Info.plist;
				LD_RUNPATH_SEARCH_PATHS = (
					"$(inherited)",
					"@executable_path/Frameworks",
					"@loader_path/Frameworks",
				);
				PRODUCT_BUNDLE_IDENTIFIER = demo.atlas.MetroBotUITests;
				PRODUCT_NAME = "$(TARGET_NAME)";
				SWIFT_VERSION = 5.0;
				TARGETED_DEVICE_FAMILY = "1,2";
				TEST_TARGET_NAME = MetroBot;
			};
			name = Debug;
		};
		6FE9B96227214CF400016293 /* Release */ = {
			isa = XCBuildConfiguration;
			buildSettings = {
				ALWAYS_EMBED_SWIFT_STANDARD_LIBRARIES = YES;
				CODE_SIGN_STYLE = Automatic;
				DEVELOPMENT_TEAM = XNYSNCPR8R;
				INFOPLIST_FILE = MetroBotUITests/Info.plist;
				LD_RUNPATH_SEARCH_PATHS = (
					"$(inherited)",
					"@executable_path/Frameworks",
					"@loader_path/Frameworks",
				);
				PRODUCT_BUNDLE_IDENTIFIER = demo.atlas.MetroBotUITests;
				PRODUCT_NAME = "$(TARGET_NAME)";
				SWIFT_VERSION = 5.0;
				TARGETED_DEVICE_FAMILY = "1,2";
				TEST_TARGET_NAME = MetroBot;
			};
			name = Release;
		};
/* End XCBuildConfiguration section */

/* Begin XCConfigurationList section */
		6FE9B93027214CF200016293 /* Build configuration list for PBXProject "MetroBot" */ = {
			isa = XCConfigurationList;
			buildConfigurations = (
				6FE9B95827214CF400016293 /* Debug */,
				6FE9B95927214CF400016293 /* Release */,
			);
			defaultConfigurationIsVisible = 0;
			defaultConfigurationName = Release;
		};
		6FE9B95A27214CF400016293 /* Build configuration list for PBXNativeTarget "MetroBot" */ = {
			isa = XCConfigurationList;
			buildConfigurations = (
				6FE9B95B27214CF400016293 /* Debug */,
				6FE9B95C27214CF400016293 /* Release */,
			);
			defaultConfigurationIsVisible = 0;
			defaultConfigurationName = Release;
		};
		6FE9B95D27214CF400016293 /* Build configuration list for PBXNativeTarget "MetroBotTests" */ = {
			isa = XCConfigurationList;
			buildConfigurations = (
				6FE9B95E27214CF400016293 /* Debug */,
				6FE9B95F27214CF400016293 /* Release */,
			);
			defaultConfigurationIsVisible = 0;
			defaultConfigurationName = Release;
		};
		6FE9B96027214CF400016293 /* Build configuration list for PBXNativeTarget "MetroBotUITests" */ = {
			isa = XCConfigurationList;
			buildConfigurations = (
				6FE9B96127214CF400016293 /* Debug */,
				6FE9B96227214CF400016293 /* Release */,
			);
			defaultConfigurationIsVisible = 0;
			defaultConfigurationName = Release;
		};
/* End XCConfigurationList section */
	};
	rootObject = 6FE9B92D27214CF200016293 /* Project object */;
}
